// !$*UTF8*$!
{
	archiveVersion = 1;
	classes = {
	};
	objectVersion = 50;
	objects = {

/* Begin PBXBuildFile section */
		F68576AF25D9663D00CC54AD /* parse.cpp in Sources */ = {isa = PBXBuildFile; fileRef = F68576AA25D9663C00CC54AD /* parse.cpp */; };
		F68576B025D9663D00CC54AD /* main.cpp in Sources */ = {isa = PBXBuildFile; fileRef = F68576AB25D9663D00CC54AD /* main.cpp */; };
		F68576B125D9663D00CC54AD /* search_server.cpp in Sources */ = {isa = PBXBuildFile; fileRef = F68576AC25D9663D00CC54AD /* search_server.cpp */; };
/* End PBXBuildFile section */

/* Begin PBXCopyFilesBuildPhase section */
		F6ABD29A24BE42A80001D74B /* CopyFiles */ = {
			isa = PBXCopyFilesBuildPhase;
			buildActionMask = 2147483647;
			dstPath = /usr/share/man/man1/;
			dstSubfolderSpec = 0;
			files = (
			);
			runOnlyForDeploymentPostprocessing = 1;
		};
/* End PBXCopyFilesBuildPhase section */

/* Begin PBXFileReference section */
		F646689724C0E244005E365F /* profile.h */ = {isa = PBXFileReference; fileEncoding = 4; lastKnownFileType = sourcecode.c.h; name = profile.h; path = ../../../profile.h; sourceTree = "<group>"; };
		F68576A925D9663C00CC54AD /* iterator_range.h */ = {isa = PBXFileReference; fileEncoding = 4; lastKnownFileType = sourcecode.c.h; name = iterator_range.h; path = SourceFiles/iterator_range.h; sourceTree = SOURCE_ROOT; };
		F68576AA25D9663C00CC54AD /* parse.cpp */ = {isa = PBXFileReference; fileEncoding = 4; lastKnownFileType = sourcecode.cpp.cpp; name = parse.cpp; path = SourceFiles/parse.cpp; sourceTree = SOURCE_ROOT; };
		F68576AB25D9663D00CC54AD /* main.cpp */ = {isa = PBXFileReference; fileEncoding = 4; lastKnownFileType = sourcecode.cpp.cpp; name = main.cpp; path = SourceFiles/main.cpp; sourceTree = SOURCE_ROOT; };
		F68576AC25D9663D00CC54AD /* search_server.cpp */ = {isa = PBXFileReference; fileEncoding = 4; lastKnownFileType = sourcecode.cpp.cpp; name = search_server.cpp; path = SourceFiles/search_server.cpp; sourceTree = SOURCE_ROOT; };
		F68576AD25D9663D00CC54AD /* parse.h */ = {isa = PBXFileReference; fileEncoding = 4; lastKnownFileType = sourcecode.c.h; name = parse.h; path = SourceFiles/parse.h; sourceTree = SOURCE_ROOT; };
		F68576AE25D9663D00CC54AD /* search_server.h */ = {isa = PBXFileReference; fileEncoding = 4; lastKnownFileType = sourcecode.c.h; name = search_server.h; path = SourceFiles/search_server.h; sourceTree = SOURCE_ROOT; };
		F6ABD29C24BE42A80001D74B /* Final_first_part */ = {isa = PBXFileReference; explicitFileType = "compiled.mach-o.executable"; includeInIndex = 0; path = Final_first_part; sourceTree = BUILT_PRODUCTS_DIR; };
		F6ABD2AF24BE42DA0001D74B /* test_runner.h */ = {isa = PBXFileReference; fileEncoding = 4; lastKnownFileType = sourcecode.c.h; name = test_runner.h; path = ../../../test_runner.h; sourceTree = "<group>"; };
/* End PBXFileReference section */

/* Begin PBXFrameworksBuildPhase section */
		F6ABD29924BE42A80001D74B /* Frameworks */ = {
			isa = PBXFrameworksBuildPhase;
			buildActionMask = 2147483647;
			files = (
			);
			runOnlyForDeploymentPostprocessing = 0;
		};
/* End PBXFrameworksBuildPhase section */

/* Begin PBXGroup section */
		F6ABD29324BE42A80001D74B = {
			isa = PBXGroup;
			children = (
				F6ABD29E24BE42A80001D74B /* Final_first_part */,
				F6ABD29D24BE42A80001D74B /* Products */,
			);
			sourceTree = "<group>";
		};
		F6ABD29D24BE42A80001D74B /* Products */ = {
			isa = PBXGroup;
			children = (
				F6ABD29C24BE42A80001D74B /* Final_first_part */,
			);
			name = Products;
			sourceTree = "<group>";
		};
		F6ABD29E24BE42A80001D74B /* Final_first_part */ = {
			isa = PBXGroup;
			children = (
				F646689724C0E244005E365F /* profile.h */,
				F68576A925D9663C00CC54AD /* iterator_range.h */,
				F68576AB25D9663D00CC54AD /* main.cpp */,
				F68576AA25D9663C00CC54AD /* parse.cpp */,
				F68576AD25D9663D00CC54AD /* parse.h */,
				F68576AC25D9663D00CC54AD /* search_server.cpp */,
				F68576AE25D9663D00CC54AD /* search_server.h */,
				F6ABD2AF24BE42DA0001D74B /* test_runner.h */,
			);
			path = Final_first_part;
			sourceTree = "<group>";
		};
/* End PBXGroup section */

/* Begin PBXNativeTarget section */
		F6ABD29B24BE42A80001D74B /* Final_first_part */ = {
			isa = PBXNativeTarget;
			buildConfigurationList = F6ABD2A324BE42A80001D74B /* Build configuration list for PBXNativeTarget "Final_first_part" */;
			buildPhases = (
				F6ABD29824BE42A80001D74B /* Sources */,
				F6ABD29924BE42A80001D74B /* Frameworks */,
				F6ABD29A24BE42A80001D74B /* CopyFiles */,
			);
			buildRules = (
			);
			dependencies = (
			);
			name = Final_first_part;
			productName = Final_first_part;
			productReference = F6ABD29C24BE42A80001D74B /* Final_first_part */;
			productType = "com.apple.product-type.tool";
		};
/* End PBXNativeTarget section */

/* Begin PBXProject section */
		F6ABD29424BE42A80001D74B /* Project object */ = {
			isa = PBXProject;
			attributes = {
				LastUpgradeCheck = 1150;
				ORGANIZATIONNAME = "Николай Горян";
				TargetAttributes = {
					F6ABD29B24BE42A80001D74B = {
						CreatedOnToolsVersion = 11.5;
					};
				};
			};
			buildConfigurationList = F6ABD29724BE42A80001D74B /* Build configuration list for PBXProject "Final_first_part" */;
			compatibilityVersion = "Xcode 9.3";
			developmentRegion = en;
			hasScannedForEncodings = 0;
			knownRegions = (
				en,
				Base,
			);
			mainGroup = F6ABD29324BE42A80001D74B;
			productRefGroup = F6ABD29D24BE42A80001D74B /* Products */;
			projectDirPath = "";
			projectRoot = "";
			targets = (
				F6ABD29B24BE42A80001D74B /* Final_first_part */,
			);
		};
/* End PBXProject section */

/* Begin PBXSourcesBuildPhase section */
		F6ABD29824BE42A80001D74B /* Sources */ = {
			isa = PBXSourcesBuildPhase;
			buildActionMask = 2147483647;
			files = (
				F68576B025D9663D00CC54AD /* main.cpp in Sources */,
				F68576AF25D9663D00CC54AD /* parse.cpp in Sources */,
				F68576B125D9663D00CC54AD /* search_server.cpp in Sources */,
			);
			runOnlyForDeploymentPostprocessing = 0;
		};
/* End PBXSourcesBuildPhase section */

/* Begin XCBuildConfiguration section */
		F6ABD2A124BE42A80001D74B /* Debug */ = {
			isa = XCBuildConfiguration;
			buildSettings = {
				ALWAYS_SEARCH_USER_PATHS = NO;
				CLANG_ANALYZER_NONNULL = YES;
				CLANG_ANALYZER_NUMBER_OBJECT_CONVERSION = YES_AGGRESSIVE;
				CLANG_CXX_LANGUAGE_STANDARD = "gnu++14";
				CLANG_CXX_LIBRARY = "libc++";
				CLANG_ENABLE_MODULES = YES;
				CLANG_ENABLE_OBJC_ARC = YES;
				CLANG_ENABLE_OBJC_WEAK = YES;
				CLANG_WARN_BLOCK_CAPTURE_AUTORELEASING = YES;
				CLANG_WARN_BOOL_CONVERSION = YES;
				CLANG_WARN_COMMA = YES;
				CLANG_WARN_CONSTANT_CONVERSION = YES;
				CLANG_WARN_DEPRECATED_OBJC_IMPLEMENTATIONS = YES;
				CLANG_WARN_DIRECT_OBJC_ISA_USAGE = YES_ERROR;
				CLANG_WARN_DOCUMENTATION_COMMENTS = YES;
				CLANG_WARN_EMPTY_BODY = YES;
				CLANG_WARN_ENUM_CONVERSION = YES;
				CLANG_WARN_INFINITE_RECURSION = YES;
				CLANG_WARN_INT_CONVERSION = YES;
				CLANG_WARN_NON_LITERAL_NULL_CONVERSION = YES;
				CLANG_WARN_OBJC_IMPLICIT_RETAIN_SELF = YES;
				CLANG_WARN_OBJC_LITERAL_CONVERSION = YES;
				CLANG_WARN_OBJC_ROOT_CLASS = YES_ERROR;
				CLANG_WARN_RANGE_LOOP_ANALYSIS = YES;
				CLANG_WARN_STRICT_PROTOTYPES = YES;
				CLANG_WARN_SUSPICIOUS_MOVE = YES;
				CLANG_WARN_UNGUARDED_AVAILABILITY = YES_AGGRESSIVE;
				CLANG_WARN_UNREACHABLE_CODE = YES;
				CLANG_WARN__DUPLICATE_METHOD_MATCH = YES;
				COPY_PHASE_STRIP = NO;
				DEBUG_INFORMATION_FORMAT = dwarf;
				ENABLE_STRICT_OBJC_MSGSEND = YES;
				ENABLE_TESTABILITY = YES;
				GCC_C_LANGUAGE_STANDARD = gnu11;
				GCC_DYNAMIC_NO_PIC = NO;
				GCC_NO_COMMON_BLOCKS = YES;
				GCC_OPTIMIZATION_LEVEL = 0;
				GCC_PREPROCESSOR_DEFINITIONS = (
					"DEBUG=1",
					"$(inherited)",
				);
				GCC_WARN_64_TO_32_BIT_CONVERSION = YES;
				GCC_WARN_ABOUT_RETURN_TYPE = YES_ERROR;
				GCC_WARN_UNDECLARED_SELECTOR = YES;
				GCC_WARN_UNINITIALIZED_AUTOS = YES_AGGRESSIVE;
				GCC_WARN_UNUSED_FUNCTION = YES;
				GCC_WARN_UNUSED_VARIABLE = YES;
				MACOSX_DEPLOYMENT_TARGET = 10.15;
				MTL_ENABLE_DEBUG_INFO = INCLUDE_SOURCE;
				MTL_FAST_MATH = YES;
				ONLY_ACTIVE_ARCH = YES;
				SDKROOT = macosx;
			};
			name = Debug;
		};
		F6ABD2A224BE42A80001D74B /* Release */ = {
			isa = XCBuildConfiguration;
			buildSettings = {
				ALWAYS_SEARCH_USER_PATHS = NO;
				CLANG_ANALYZER_NONNULL = YES;
				CLANG_ANALYZER_NUMBER_OBJECT_CONVERSION = YES_AGGRESSIVE;
				CLANG_CXX_LANGUAGE_STANDARD = "gnu++14";
				CLANG_CXX_LIBRARY = "libc++";
				CLANG_ENABLE_MODULES = YES;
				CLANG_ENABLE_OBJC_ARC = YES;
				CLANG_ENABLE_OBJC_WEAK = YES;
				CLANG_WARN_BLOCK_CAPTURE_AUTORELEASING = YES;
				CLANG_WARN_BOOL_CONVERSION = YES;
				CLANG_WARN_COMMA = YES;
				CLANG_WARN_CONSTANT_CONVERSION = YES;
				CLANG_WARN_DEPRECATED_OBJC_IMPLEMENTATIONS = YES;
				CLANG_WARN_DIRECT_OBJC_ISA_USAGE = YES_ERROR;
				CLANG_WARN_DOCUMENTATION_COMMENTS = YES;
				CLANG_WARN_EMPTY_BODY = YES;
				CLANG_WARN_ENUM_CONVERSION = YES;
				CLANG_WARN_INFINITE_RECURSION = YES;
				CLANG_WARN_INT_CONVERSION = YES;
				CLANG_WARN_NON_LITERAL_NULL_CONVERSION = YES;
				CLANG_WARN_OBJC_IMPLICIT_RETAIN_SELF = YES;
				CLANG_WARN_OBJC_LITERAL_CONVERSION = YES;
				CLANG_WARN_OBJC_ROOT_CLASS = YES_ERROR;
				CLANG_WARN_RANGE_LOOP_ANALYSIS = YES;
				CLANG_WARN_STRICT_PROTOTYPES = YES;
				CLANG_WARN_SUSPICIOUS_MOVE = YES;
				CLANG_WARN_UNGUARDED_AVAILABILITY = YES_AGGRESSIVE;
				CLANG_WARN_UNREACHABLE_CODE = YES;
				CLANG_WARN__DUPLICATE_METHOD_MATCH = YES;
				COPY_PHASE_STRIP = NO;
				DEBUG_INFORMATION_FORMAT = "dwarf-with-dsym";
				ENABLE_NS_ASSERTIONS = NO;
				ENABLE_STRICT_OBJC_MSGSEND = YES;
				GCC_C_LANGUAGE_STANDARD = gnu11;
				GCC_NO_COMMON_BLOCKS = YES;
				GCC_WARN_64_TO_32_BIT_CONVERSION = YES;
				GCC_WARN_ABOUT_RETURN_TYPE = YES_ERROR;
				GCC_WARN_UNDECLARED_SELECTOR = YES;
				GCC_WARN_UNINITIALIZED_AUTOS = YES_AGGRESSIVE;
				GCC_WARN_UNUSED_FUNCTION = YES;
				GCC_WARN_UNUSED_VARIABLE = YES;
				MACOSX_DEPLOYMENT_TARGET = 10.15;
				MTL_ENABLE_DEBUG_INFO = NO;
				MTL_FAST_MATH = YES;
				SDKROOT = macosx;
			};
			name = Release;
		};
		F6ABD2A424BE42A80001D74B /* Debug */ = {
			isa = XCBuildConfiguration;
			buildSettings = {
				CLANG_CXX_LANGUAGE_STANDARD = "c++17";
				CODE_SIGN_STYLE = Automatic;
				PRODUCT_NAME = "$(TARGET_NAME)";
			};
			name = Debug;
		};
		F6ABD2A524BE42A80001D74B /* Release */ = {
			isa = XCBuildConfiguration;
			buildSettings = {
				CLANG_CXX_LANGUAGE_STANDARD = "c++17";
				CODE_SIGN_STYLE = Automatic;
				PRODUCT_NAME = "$(TARGET_NAME)";
			};
			name = Release;
		};
/* End XCBuildConfiguration section */

/* Begin XCConfigurationList section */
		F6ABD29724BE42A80001D74B /* Build configuration list for PBXProject "Final_first_part" */ = {
			isa = XCConfigurationList;
			buildConfigurations = (
				F6ABD2A124BE42A80001D74B /* Debug */,
				F6ABD2A224BE42A80001D74B /* Release */,
			);
			defaultConfigurationIsVisible = 0;
			defaultConfigurationName = Release;
		};
		F6ABD2A324BE42A80001D74B /* Build configuration list for PBXNativeTarget "Final_first_part" */ = {
			isa = XCConfigurationList;
			buildConfigurations = (
				F6ABD2A424BE42A80001D74B /* Debug */,
				F6ABD2A524BE42A80001D74B /* Release */,
			);
			defaultConfigurationIsVisible = 0;
			defaultConfigurationName = Release;
		};
/* End XCConfigurationList section */
	};
	rootObject = F6ABD29424BE42A80001D74B /* Project object */;
}
